{
  "name": "strive-books",
  "version": "0.1.0",
  "lockfileVersion": 1,
  "requires": true,
  "dependencies": {
    "@fortawesome/fontawesome-common-types": {
      "version": "0.2.29",
      "resolved": "https://registry.npmjs.org/@fortawesome/fontawesome-common-types/-/fontawesome-common-types-0.2.29.tgz",
      "integrity": "sha512-cY+QfDTbZ7XVxzx7jxbC98Oxr/zc7R2QpTLqTxqlfyXDrAJjzi/xUIqAUsygELB62JIrbsWxtSRhayKFkGI7MA=="
    },
    "@fortawesome/free-solid-svg-icons": {
      "version": "5.13.1",
      "resolved": "https://registry.npmjs.org/@fortawesome/free-solid-svg-icons/-/free-solid-svg-icons-5.13.1.tgz",
      "integrity": "sha512-LQH/0L1p4+rqtoSHa9qFYR84hpuRZKqaQ41cfBQx8b68p21zoWSekTAeA54I/2x9VlCHDLFlG74Nmdg4iTPQOg==",
      "requires": {
        "@fortawesome/fontawesome-common-types": "^0.2.29"
      }
    }
  }
}
